
Microsoft Visual Studio Solution File, Format Version 12.00
# Visual Studio Version 17
VisualStudioVersion = 17.13.35825.156
MinimumVisualStudioVersion = 10.0.40219.1
Project("{FAE04EC0-301F-11D3-BF4B-00C04F79EFBC}") = "CleanArchMvc.Domain", "CleanArchMvc.Domain\CleanArchMvc.Domain.csproj", "{A31B219B-E2ED-499A-9EA3-8B58EE46B4A7}"
EndProject
Project("{FAE04EC0-301F-11D3-BF4B-00C04F79EFBC}") = "CleanArchMvc.Application", "CleanArchMvc.Application\CleanArchMvc.Application.csproj", "{0241F7AD-1F02-4CD5-A88F-774F113AF687}"
EndProject
Project("{FAE04EC0-301F-11D3-BF4B-00C04F79EFBC}") = "CleanArchMvc.Infra.Data", "CleanArchMvc.Infra.Data\CleanArchMvc.Infra.Data.csproj", "{12264CD2-342A-45F3-A47B-3EE75967075D}"
EndProject
Project("{FAE04EC0-301F-11D3-BF4B-00C04F79EFBC}") = "CleanArchMvc.Infra.Ioc", "CleanArchMvc.Infra.Ioc\CleanArchMvc.Infra.Ioc.csproj", "{A8490777-9AA3-4DE7-8B6E-FFE03BBE067B}"
EndProject
Project("{FAE04EC0-301F-11D3-BF4B-00C04F79EFBC}") = "CleanArchMvc.WebUI", "CleanArchMvc.WebUI\CleanArchMvc.WebUI.csproj", "{D2951639-A891-47D1-97D1-497755864B6E}"
EndProject
Global
	GlobalSection(SolutionConfigurationPlatforms) = preSolution
		Debug|Any CPU = Debug|Any CPU
		Release|Any CPU = Release|Any CPU
	EndGlobalSection
	GlobalSection(ProjectConfigurationPlatforms) = postSolution
		{A31B219B-E2ED-499A-9EA3-8B58EE46B4A7}.Debug|Any CPU.ActiveCfg = Debug|Any CPU
		{A31B219B-E2ED-499A-9EA3-8B58EE46B4A7}.Debug|Any CPU.Build.0 = Debug|Any CPU
		{A31B219B-E2ED-499A-9EA3-8B58EE46B4A7}.Release|Any CPU.ActiveCfg = Release|Any CPU
		{A31B219B-E2ED-499A-9EA3-8B58EE46B4A7}.Release|Any CPU.Build.0 = Release|Any CPU
		{0241F7AD-1F02-4CD5-A88F-774F113AF687}.Debug|Any CPU.ActiveCfg = Debug|Any CPU
		{0241F7AD-1F02-4CD5-A88F-774F113AF687}.Debug|Any CPU.Build.0 = Debug|Any CPU
		{0241F7AD-1F02-4CD5-A88F-774F113AF687}.Release|Any CPU.ActiveCfg = Release|Any CPU
		{0241F7AD-1F02-4CD5-A88F-774F113AF687}.Release|Any CPU.Build.0 = Release|Any CPU
		{12264CD2-342A-45F3-A47B-3EE75967075D}.Debug|Any CPU.ActiveCfg = Debug|Any CPU
		{12264CD2-342A-45F3-A47B-3EE75967075D}.Debug|Any CPU.Build.0 = Debug|Any CPU
		{12264CD2-342A-45F3-A47B-3EE75967075D}.Release|Any CPU.ActiveCfg = Release|Any CPU
		{12264CD2-342A-45F3-A47B-3EE75967075D}.Release|Any CPU.Build.0 = Release|Any CPU
		{A8490777-9AA3-4DE7-8B6E-FFE03BBE067B}.Debug|Any CPU.ActiveCfg = Debug|Any CPU
		{A8490777-9AA3-4DE7-8B6E-FFE03BBE067B}.Debug|Any CPU.Build.0 = Debug|Any CPU
		{A8490777-9AA3-4DE7-8B6E-FFE03BBE067B}.Release|Any CPU.ActiveCfg = Release|Any CPU
		{A8490777-9AA3-4DE7-8B6E-FFE03BBE067B}.Release|Any CPU.Build.0 = Release|Any CPU
		{D2951639-A891-47D1-97D1-497755864B6E}.Debug|Any CPU.ActiveCfg = Debug|Any CPU
		{D2951639-A891-47D1-97D1-497755864B6E}.Debug|Any CPU.Build.0 = Debug|Any CPU
		{D2951639-A891-47D1-97D1-497755864B6E}.Release|Any CPU.ActiveCfg = Release|Any CPU
		{D2951639-A891-47D1-97D1-497755864B6E}.Release|Any CPU.Build.0 = Release|Any CPU
	EndGlobalSection
	GlobalSection(SolutionProperties) = preSolution
		HideSolutionNode = FALSE
	EndGlobalSection
	GlobalSection(ExtensibilityGlobals) = postSolution
		SolutionGuid = {21D90205-E82E-4D98-A8C0-9F47089C00FC}
	EndGlobalSection
EndGlobal
